{
  "version": 4,
  "terraform_version": "1.14.7",
  "serial": 11,
  "lineage": "fe5dfdb9-ab98-a4c9-80dd-d2e322625218",
  "outputs": {
    "bucket_arns": {
      "value": {
        "curated": "arn:aws:s3:::data-pipeline-tlaytmass-2026-dev-curated",
        "raw": "arn:aws:s3:::data-pipeline-tlaytmass-2026-dev-raw",
        "staged": "arn:aws:s3:::data-pipeline-tlaytmass-2026-dev-staged"
      },
      "type": [
        "object",
        {
          "curated": "string",
          "raw": "string",
          "staged": "string"
        }
      ]
    },
    "bucket_ids": {
      "value": {
        "curated": "data-pipeline-tlaytmass-2026-dev-curated",
        "raw": "data-pipeline-tlaytmass-2026-dev-raw",
        "staged": "data-pipeline-tlaytmass-2026-dev-staged"
      },
      "type": [
        "object",
        {
          "curated": "string",
          "raw": "string",
          "staged": "string"
        }
      ]
    }
  },
  "resources": [
    {
      "mode": "data",
      "type": "aws_subnets",
      "name": "default",
      "provider": "provider[\"registry.terraform.io/hashicorp/aws\"]",
      "instances": [
        {
          "schema_version": 0,
          "attributes": {
            "filter": [
              {
                "name": "vpc-id",
                "values": [
                  "vpc-084882aa66e3b92b8"
                ]
              }
            ],
            "id": "us-east-1",
            "ids": [
              "subnet-0c76f4eae3d98dc8e",
              "subnet-0b00f0568dfaa8c4c",
              "subnet-0f15bd1597d24d43c",
              "subnet-011d3914acdc75bf7",
              "subnet-083f270eb4e9412a7",
              "subnet-0b883a8f923d78e28"
            ],
            "tags": null,
            "timeouts": null
          },
          "sensitive_attributes": [],
          "identity_schema_version": 0
        }
      ]
    },
    {
      "mode": "data",
      "type": "aws_vpc",
      "name": "default",
      "provider": "provider[\"registry.terraform.io/hashicorp/aws\"]",
      "instances": [
        {
          "schema_version": 0,
          "attributes": {
            "arn": "arn:aws:ec2:us-east-1:598564217134:vpc/vpc-084882aa66e3b92b8",
            "cidr_block": "172.31.0.0/16",
            "cidr_block_associations": [
              {
                "association_id": "vpc-cidr-assoc-0b38f071e5a393e2e",
                "cidr_block": "172.31.0.0/16",
                "state": "associated"
              }
            ],
            "default": true,
            "dhcp_options_id": "dopt-0b9a776438605a8a0",
            "enable_dns_hostnames": true,
            "enable_dns_support": true,
            "enable_network_address_usage_metrics": false,
            "filter": null,
            "id": "vpc-084882aa66e3b92b8",
            "instance_tenancy": "default",
            "ipv6_association_id": "",
            "ipv6_cidr_block": "",
            "main_route_table_id": "rtb-04cc5057611fac795",
            "owner_id": "598564217134",
            "state": null,
            "tags": {},
            "timeouts": null
          },
          "sensitive_attributes": [],
          "identity_schema_version": 0
        }
      ]
    },
    {
      "module": "module.s3",
      "mode": "managed",
      "type": "aws_s3_bucket",
      "name": "pipeline",
      "provider": "provider[\"registry.terraform.io/hashicorp/aws\"]",
      "instances": [
        {
          "index_key": "curated",
          "schema_version": 0,
          "attributes": {
            "acceleration_status": "",
            "acl": null,
            "arn": "arn:aws:s3:::data-pipeline-tlaytmass-2026-dev-curated",
            "bucket": "data-pipeline-tlaytmass-2026-dev-curated",
            "bucket_domain_name": "data-pipeline-tlaytmass-2026-dev-curated.s3.amazonaws.com",
            "bucket_prefix": "",
            "bucket_regional_domain_name": "data-pipeline-tlaytmass-2026-dev-curated.s3.us-east-1.amazonaws.com",
            "cors_rule": [],
            "force_destroy": false,
            "grant": [
              {
                "id": "348751d452993ace64105f510ca52f3ffc97349040c3179b9111d5269ee09c86",
                "permissions": [
                  "FULL_CONTROL"
                ],
                "type": "CanonicalUser",
                "uri": ""
              }
            ],
            "hosted_zone_id": "Z3AQBSTGFYJSTF",
            "id": "data-pipeline-tlaytmass-2026-dev-curated",
            "lifecycle_rule": [],
            "logging": [],
            "object_lock_configuration": [],
            "object_lock_enabled": false,
            "policy": "",
            "region": "us-east-1",
            "replication_configuration": [],
            "request_payer": "BucketOwner",
            "server_side_encryption_configuration": [
              {
                "rule": [
                  {
                    "apply_server_side_encryption_by_default": [
                      {
                        "kms_master_key_id": "",
                        "sse_algorithm": "AES256"
                      }
                    ],
                    "bucket_key_enabled": false
                  }
                ]
              }
            ],
            "tags": null,
            "tags_all": {},
            "timeouts": null,
            "versioning": [
              {
                "enabled": false,
                "mfa_delete": false
              }
            ],
            "website": [],
            "website_domain": null,
            "website_endpoint": null
          },
          "sensitive_attributes": [],
          "identity_schema_version": 0,
          "private": "eyJlMmJmYjczMC1lY2FhLTExZTYtOGY4OC0zNDM2M2JjN2M0YzAiOnsiY3JlYXRlIjoxMjAwMDAwMDAwMDAwLCJkZWxldGUiOjM2MDAwMDAwMDAwMDAsInJlYWQiOjEyMDAwMDAwMDAwMDAsInVwZGF0ZSI6MTIwMDAwMDAwMDAwMH19"
        },
        {
          "index_key": "raw",
          "schema_version": 0,
          "attributes": {
            "acceleration_status": "",
            "acl": null,
            "arn": "arn:aws:s3:::data-pipeline-tlaytmass-2026-dev-raw",
            "bucket": "data-pipeline-tlaytmass-2026-dev-raw",
            "bucket_domain_name": "data-pipeline-tlaytmass-2026-dev-raw.s3.amazonaws.com",
            "bucket_prefix": "",
            "bucket_regional_domain_name": "data-pipeline-tlaytmass-2026-dev-raw.s3.us-east-1.amazonaws.com",
            "cors_rule": [],
            "force_destroy": false,
            "grant": [
              {
                "id": "348751d452993ace64105f510ca52f3ffc97349040c3179b9111d5269ee09c86",
                "permissions": [
                  "FULL_CONTROL"
                ],
                "type": "CanonicalUser",
                "uri": ""
              }
            ],
            "hosted_zone_id": "Z3AQBSTGFYJSTF",
            "id": "data-pipeline-tlaytmass-2026-dev-raw",
            "lifecycle_rule": [],
            "logging": [],
            "object_lock_configuration": [],
            "object_lock_enabled": false,
            "policy": "",
            "region": "us-east-1",
            "replication_configuration": [],
            "request_payer": "BucketOwner",
            "server_side_encryption_configuration": [
              {
                "rule": [
                  {
                    "apply_server_side_encryption_by_default": [
                      {
                        "kms_master_key_id": "",
                        "sse_algorithm": "AES256"
                      }
                    ],
                    "bucket_key_enabled": false
                  }
                ]
              }
            ],
            "tags": null,
            "tags_all": {},
            "timeouts": null,
            "versioning": [
              {
                "enabled": false,
                "mfa_delete": false
              }
            ],
            "website": [],
            "website_domain": null,
            "website_endpoint": null
          },
          "sensitive_attributes": [],
          "identity_schema_version": 0,
          "private": "eyJlMmJmYjczMC1lY2FhLTExZTYtOGY4OC0zNDM2M2JjN2M0YzAiOnsiY3JlYXRlIjoxMjAwMDAwMDAwMDAwLCJkZWxldGUiOjM2MDAwMDAwMDAwMDAsInJlYWQiOjEyMDAwMDAwMDAwMDAsInVwZGF0ZSI6MTIwMDAwMDAwMDAwMH19"
        },
        {
          "index_key": "staged",
          "schema_version": 0,
          "attributes": {
            "acceleration_status": "",
            "acl": null,
            "arn": "arn:aws:s3:::data-pipeline-tlaytmass-2026-dev-staged",
            "bucket": "data-pipeline-tlaytmass-2026-dev-staged",
            "bucket_domain_name": "data-pipeline-tlaytmass-2026-dev-staged.s3.amazonaws.com",
            "bucket_prefix": "",
            "bucket_regional_domain_name": "data-pipeline-tlaytmass-2026-dev-staged.s3.us-east-1.amazonaws.com",
            "cors_rule": [],
            "force_destroy": false,
            "grant": [
              {
                "id": "348751d452993ace64105f510ca52f3ffc97349040c3179b9111d5269ee09c86",
                "permissions": [
                  "FULL_CONTROL"
                ],
                "type": "CanonicalUser",
                "uri": ""
              }
            ],
            "hosted_zone_id": "Z3AQBSTGFYJSTF",
            "id": "data-pipeline-tlaytmass-2026-dev-staged",
            "lifecycle_rule": [],
            "logging": [],
            "object_lock_configuration": [],
            "object_lock_enabled": false,
            "policy": "",
            "region": "us-east-1",
            "replication_configuration": [],
            "request_payer": "BucketOwner",
            "server_side_encryption_configuration": [
              {
                "rule": [
                  {
                    "apply_server_side_encryption_by_default": [
                      {
                        "kms_master_key_id": "",
                        "sse_algorithm": "AES256"
                      }
                    ],
                    "bucket_key_enabled": false
                  }
                ]
              }
            ],
            "tags": null,
            "tags_all": {},
            "timeouts": null,
            "versioning": [
              {
                "enabled": false,
                "mfa_delete": false
              }
            ],
            "website": [],
            "website_domain": null,
            "website_endpoint": null
          },
          "sensitive_attributes": [],
          "identity_schema_version": 0,
          "private": "eyJlMmJmYjczMC1lY2FhLTExZTYtOGY4OC0zNDM2M2JjN2M0YzAiOnsiY3JlYXRlIjoxMjAwMDAwMDAwMDAwLCJkZWxldGUiOjM2MDAwMDAwMDAwMDAsInJlYWQiOjEyMDAwMDAwMDAwMDAsInVwZGF0ZSI6MTIwMDAwMDAwMDAwMH19"
        }
      ]
    },
    {
      "module": "module.s3",
      "mode": "managed",
      "type": "aws_s3_bucket_server_side_encryption_configuration",
      "name": "pipeline",
      "provider": "provider[\"registry.terraform.io/hashicorp/aws\"]",
      "instances": [
        {
          "index_key": "curated",
          "schema_version": 0,
          "attributes": {
            "bucket": "data-pipeline-tlaytmass-2026-dev-curated",
            "expected_bucket_owner": "",
            "id": "data-pipeline-tlaytmass-2026-dev-curated",
            "rule": [
              {
                "apply_server_side_encryption_by_default": [
                  {
                    "kms_master_key_id": "",
                    "sse_algorithm": "AES256"
                  }
                ],
                "bucket_key_enabled": null
              }
            ]
          },
          "sensitive_attributes": [],
          "identity_schema_version": 0,
          "private": "bnVsbA==",
          "dependencies": [
            "module.s3.aws_s3_bucket.pipeline"
          ]
        },
        {
          "index_key": "raw",
          "schema_version": 0,
          "attributes": {
            "bucket": "data-pipeline-tlaytmass-2026-dev-raw",
            "expected_bucket_owner": "",
            "id": "data-pipeline-tlaytmass-2026-dev-raw",
            "rule": [
              {
                "apply_server_side_encryption_by_default": [
                  {
                    "kms_master_key_id": "",
                    "sse_algorithm": "AES256"
                  }
                ],
                "bucket_key_enabled": null
              }
            ]
          },
          "sensitive_attributes": [],
          "identity_schema_version": 0,
          "private": "bnVsbA==",
          "dependencies": [
            "module.s3.aws_s3_bucket.pipeline"
          ]
        },
        {
          "index_key": "staged",
          "schema_version": 0,
          "attributes": {
            "bucket": "data-pipeline-tlaytmass-2026-dev-staged",
            "expected_bucket_owner": "",
            "id": "data-pipeline-tlaytmass-2026-dev-staged",
            "rule": [
              {
                "apply_server_side_encryption_by_default": [
                  {
                    "kms_master_key_id": "",
                    "sse_algorithm": "AES256"
                  }
                ],
                "bucket_key_enabled": null
              }
            ]
          },
          "sensitive_attributes": [],
          "identity_schema_version": 0,
          "private": "bnVsbA==",
          "dependencies": [
            "module.s3.aws_s3_bucket.pipeline"
          ]
        }
      ]
    },
    {
      "module": "module.s3",
      "mode": "managed",
      "type": "aws_s3_bucket_versioning",
      "name": "pipeline",
      "provider": "provider[\"registry.terraform.io/hashicorp/aws\"]",
      "instances": [
        {
          "index_key": "curated",
          "schema_version": 0,
          "attributes": {
            "bucket": "data-pipeline-tlaytmass-2026-dev-curated",
            "expected_bucket_owner": "",
            "id": "data-pipeline-tlaytmass-2026-dev-curated",
            "mfa": null,
            "versioning_configuration": [
              {
                "mfa_delete": "",
                "status": "Enabled"
              }
            ]
          },
          "sensitive_attributes": [],
          "identity_schema_version": 0,
          "private": "bnVsbA==",
          "dependencies": [
            "module.s3.aws_s3_bucket.pipeline"
          ]
        },
        {
          "index_key": "raw",
          "schema_version": 0,
          "attributes": {
            "bucket": "data-pipeline-tlaytmass-2026-dev-raw",
            "expected_bucket_owner": "",
            "id": "data-pipeline-tlaytmass-2026-dev-raw",
            "mfa": null,
            "versioning_configuration": [
              {
                "mfa_delete": "",
                "status": "Enabled"
              }
            ]
          },
          "sensitive_attributes": [],
          "identity_schema_version": 0,
          "private": "bnVsbA==",
          "dependencies": [
            "module.s3.aws_s3_bucket.pipeline"
          ]
        },
        {
          "index_key": "staged",
          "schema_version": 0,
          "attributes": {
            "bucket": "data-pipeline-tlaytmass-2026-dev-staged",
            "expected_bucket_owner": "",
            "id": "data-pipeline-tlaytmass-2026-dev-staged",
            "mfa": null,
            "versioning_configuration": [
              {
                "mfa_delete": "",
                "status": "Enabled"
              }
            ]
          },
          "sensitive_attributes": [],
          "identity_schema_version": 0,
          "private": "bnVsbA==",
          "dependencies": [
            "module.s3.aws_s3_bucket.pipeline"
          ]
        }
      ]
    }
  ],
  "check_results": null
}
