{
  "version": 4,
  "terraform_version": "1.7.4",
  "serial": 14,
  "lineage": "9640d047-7627-a9bf-4b98-0c5c0256e8d7",
  "outputs": {
    "n8n_container": {
      "value": "lecture7-n8n",
      "type": "string"
    },
    "n8n_url": {
      "value": "http://localhost:5678",
      "type": "string"
    },
    "webserver_container": {
      "value": "lecture7-webserver",
      "type": "string"
    },
    "webserver_url": {
      "value": "http://localhost:8081",
      "type": "string"
    }
  },
  "resources": [
    {
      "mode": "managed",
      "type": "docker_container",
      "name": "n8n",
      "provider": "provider[\"registry.terraform.io/kreuzwerker/docker\"]",
      "instances": [
        {
          "schema_version": 2,
          "attributes": {
            "attach": false,
            "bridge": "",
            "capabilities": [],
            "cgroup_parent": null,
            "cgroupns_mode": null,
            "command": [],
            "container_logs": null,
            "container_read_refresh_timeout_milliseconds": 15000,
            "cpu_period": null,
            "cpu_quota": null,
            "cpu_set": "",
            "cpu_shares": 0,
            "cpus": null,
            "destroy_grace_seconds": null,
            "devices": [],
            "dns": null,
            "dns_opts": null,
            "dns_search": null,
            "domainname": "",
            "entrypoint": [
              "tini",
              "--",
              "/docker-entrypoint.sh"
            ],
            "env": [
              "N8N_HOST=localhost",
              "N8N_PORT=5678",
              "N8N_PROTOCOL=http"
            ],
            "exit_code": null,
            "gpus": null,
            "group_add": null,
            "healthcheck": null,
            "host": [],
            "hostname": "0da6c1400c9c",
            "id": "0da6c1400c9c10bf55da62825db6ab251af7000587910661d858572456ff917f",
            "image": "n8nio/n8n:latest",
            "init": false,
            "ipc_mode": "private",
            "labels": [],
            "log_driver": "json-file",
            "log_opts": null,
            "logs": false,
            "max_retry_count": 0,
            "memory": 0,
            "memory_swap": 0,
            "mounts": [],
            "must_run": true,
            "name": "lecture7-n8n",
            "network_data": [
              {
                "gateway": "172.17.0.1",
                "global_ipv6_address": "",
                "global_ipv6_prefix_length": 0,
                "ip_address": "172.17.0.3",
                "ip_prefix_length": 16,
                "ipv6_gateway": "",
                "mac_address": "7a:bd:d7:95:a9:8e",
                "network_name": "bridge"
              }
            ],
            "network_mode": "bridge",
            "networks_advanced": [],
            "pid_mode": "",
            "ports": [
              {
                "external": 5678,
                "internal": 5678,
                "ip": "0.0.0.0",
                "protocol": "tcp"
              }
            ],
            "privileged": false,
            "publish_all_ports": false,
            "read_only": false,
            "remove_volumes": true,
            "restart": "no",
            "rm": false,
            "runtime": "runc",
            "security_opts": [],
            "shm_size": 64,
            "start": true,
            "stdin_open": false,
            "stop_signal": "",
            "stop_timeout": 1,
            "storage_opts": null,
            "sysctls": null,
            "tmpfs": null,
            "tty": false,
            "ulimit": [],
            "upload": [],
            "user": "node",
            "userns_mode": "",
            "volumes": [],
            "wait": false,
            "wait_timeout": 60,
            "working_dir": "/home/node"
          },
          "sensitive_attributes": [],
          "private": "eyJzY2hlbWFfdmVyc2lvbiI6IjIifQ==",
          "dependencies": [
            "docker_container.webserver",
            "null_resource.create_web_dir"
          ]
        }
      ]
    },
    {
      "mode": "managed",
      "type": "docker_container",
      "name": "webserver",
      "provider": "provider[\"registry.terraform.io/kreuzwerker/docker\"]",
      "instances": [
        {
          "schema_version": 2,
          "attributes": {
            "attach": false,
            "bridge": "",
            "capabilities": [],
            "cgroup_parent": null,
            "cgroupns_mode": null,
            "command": [
              "nginx",
              "-g",
              "daemon off;"
            ],
            "container_logs": null,
            "container_read_refresh_timeout_milliseconds": 15000,
            "cpu_period": null,
            "cpu_quota": null,
            "cpu_set": "",
            "cpu_shares": 0,
            "cpus": null,
            "destroy_grace_seconds": null,
            "devices": [],
            "dns": null,
            "dns_opts": null,
            "dns_search": null,
            "domainname": "",
            "entrypoint": [
              "/docker-entrypoint.sh"
            ],
            "env": [],
            "exit_code": null,
            "gpus": null,
            "group_add": null,
            "healthcheck": null,
            "host": [],
            "hostname": "121ebbc85e1a",
            "id": "121ebbc85e1a84988a89a9fda65a4b10a4c22cd8636dde1621ff8e42d381c1df",
            "image": "nginx:alpine",
            "init": false,
            "ipc_mode": "private",
            "labels": [],
            "log_driver": "json-file",
            "log_opts": null,
            "logs": false,
            "max_retry_count": 0,
            "memory": 0,
            "memory_swap": 0,
            "mounts": [],
            "must_run": true,
            "name": "lecture7-webserver",
            "network_data": [
              {
                "gateway": "172.17.0.1",
                "global_ipv6_address": "",
                "global_ipv6_prefix_length": 0,
                "ip_address": "172.17.0.2",
                "ip_prefix_length": 16,
                "ipv6_gateway": "",
                "mac_address": "f6:8d:ef:fd:71:83",
                "network_name": "bridge"
              }
            ],
            "network_mode": "bridge",
            "networks_advanced": [],
            "pid_mode": "",
            "ports": [
              {
                "external": 8081,
                "internal": 80,
                "ip": "0.0.0.0",
                "protocol": "tcp"
              }
            ],
            "privileged": false,
            "publish_all_ports": false,
            "read_only": false,
            "remove_volumes": true,
            "restart": "no",
            "rm": false,
            "runtime": "runc",
            "security_opts": [],
            "shm_size": 64,
            "start": true,
            "stdin_open": false,
            "stop_signal": "SIGQUIT",
            "stop_timeout": 1,
            "storage_opts": null,
            "sysctls": null,
            "tmpfs": null,
            "tty": false,
            "ulimit": [],
            "upload": [],
            "user": "",
            "userns_mode": "",
            "volumes": [
              {
                "container_path": "/usr/share/nginx/html/index.html",
                "from_container": "",
                "host_path": "/home/amine_apache/terraform-projects/lecture7-webserver+n8n/lecture7_assignment_webserver+n8n_Amine_Habbou/webserver_content/index.html",
                "read_only": null,
                "volume_name": ""
              }
            ],
            "wait": false,
            "wait_timeout": 60,
            "working_dir": "/"
          },
          "sensitive_attributes": [],
          "private": "eyJzY2hlbWFfdmVyc2lvbiI6IjIifQ==",
          "dependencies": [
            "null_resource.create_web_dir"
          ]
        }
      ]
    },
    {
      "mode": "managed",
      "type": "local_file",
      "name": "index_html",
      "provider": "provider[\"registry.terraform.io/hashicorp/local\"]",
      "instances": [
        {
          "schema_version": 0,
          "attributes": {
            "content": "\u003c!DOCTYPE html\u003e\r\n\u003chtml\u003e\r\n\u003chead\u003e\r\n    \u003ctitle\u003eWeb Server - Lecture 7\u003c/title\u003e\r\n    \u003cstyle\u003e\r\n        body {\r\n            font-family: Arial, sans-serif;\r\n            text-align: center;\r\n            padding: 50px;\r\n            background: linear-gradient(135deg, #667eea 0%, #764ba2 100%);\r\n            color: white;\r\n            margin: 0;\r\n        }\r\n        .container {\r\n            background: rgba(255,255,255,0.1);\r\n            padding: 30px;\r\n            border-radius: 10px;\r\n            display: inline-block;\r\n            margin-top: 100px;\r\n        }\r\n        h1 { font-size: 3em; margin: 0; }\r\n        p { font-size: 1.2em; }\r\n        .status {\r\n            color: #4ade80;\r\n            font-weight: bold;\r\n        }\r\n        hr {\r\n            margin: 20px 0;\r\n            border: none;\r\n            border-top: 1px solid rgba(255,255,255,0.3);\r\n        }\r\n    \u003c/style\u003e\r\n\u003c/head\u003e\r\n\u003cbody\u003e\r\n    \u003cdiv class=\"container\"\u003e\r\n        \u003ch1\u003eThe webserver is running\u003c/h1\u003e\r\n        \u003cp class=\"status\"\u003eTerraform deployed successfully\u003c/p\u003e\r\n        \u003cp\u003eThis web server is running via Docker provider.\u003c/p\u003e\r\n        \u003cp\u003en8n workflow automation will start next...\u003c/p\u003e\r\n        \u003chr\u003e\r\n        \u003csmall\u003eLecture 7 Assignment - Web Server + n8n\u003c/small\u003e\u003cbr\u003e\r\n        \u003csmall\u003eCreated by: Amine Habbou\u003c/small\u003e\r\n    \u003c/div\u003e\r\n\u003c/body\u003e\r\n\u003c/html\u003e\r\n",
            "content_base64": null,
            "content_base64sha256": "GQ28ZUanECBv4r3s8V/4p3HHsL6XpH8Co7AB6hRyFfw=",
            "content_base64sha512": "jFIz4dJ0sdq9vYhtW95g1pDtkSMkxrMBhS/FpLm7uoh2a61nxbI3GqA+WPVbzzFmxkoJu1Kgfd5FaWkoBF6GXQ==",
            "content_md5": "8e2fe62dc8b3ea6852e95bbf51b8655d",
            "content_sha1": "79aa88721c0e7b65d1d65fc3d004286259e34b3d",
            "content_sha256": "190dbc6546a710206fe2bdecf15ff8a771c7b0be97a47f02a3b001ea147215fc",
            "content_sha512": "8c5233e1d274b1dabdbd886d5bde60d690ed912324c6b301852fc5a4b9bbba88766bad67c5b2371aa03e58f55bcf3166c64a09bb52a07dde45696928045e865d",
            "directory_permission": "0777",
            "file_permission": "0777",
            "filename": "./webserver_content/index.html",
            "id": "79aa88721c0e7b65d1d65fc3d004286259e34b3d",
            "sensitive_content": null,
            "source": null
          },
          "sensitive_attributes": [],
          "dependencies": [
            "null_resource.create_web_dir"
          ]
        }
      ]
    },
    {
      "mode": "managed",
      "type": "null_resource",
      "name": "create_web_dir",
      "provider": "provider[\"registry.terraform.io/hashicorp/null\"]",
      "instances": [
        {
          "schema_version": 0,
          "attributes": {
            "id": "4968380354704632108",
            "triggers": null
          },
          "sensitive_attributes": []
        }
      ]
    }
  ],
  "check_results": null
}
