{
  "version": 4,
  "terraform_version": "1.7.4",
  "serial": 18,
  "lineage": "0b08b1ce-9569-0d06-6277-1d4be101da99",
  "outputs": {
    "buckets_created": {
      "value": [
        "miniio-assignment8-amine-habbou-staging-raw-data",
        "miniio-assignment8-amine-habbou-staging-processed-data",
        "miniio-assignment8-amine-habbou-staging-analytics"
      ],
      "type": [
        "tuple",
        [
          "string",
          "string",
          "string"
        ]
      ]
    },
    "database_info": {
      "value": {
        "connection_string": "postgresql://amine:miniioass8@localhost:5432/pipeline_metadata",
        "database_name": "pipeline_metadata",
        "host": "localhost",
        "port": 5432,
        "username": "amine"
      },
      "type": [
        "object",
        {
          "connection_string": "string",
          "database_name": "string",
          "host": "string",
          "port": "number",
          "username": "string"
        }
      ],
      "sensitive": true
    },
    "docker_network": {
      "value": "data-pipeline-network",
      "type": "string"
    },
    "project_info": {
      "value": {
        "environment": "staging",
        "project_name": "miniio-assignment8-amine-habbou"
      },
      "type": [
        "object",
        {
          "environment": "string",
          "project_name": "string"
        }
      ]
    },
    "storage_info": {
      "value": {
        "api_endpoint": "localhost:9000",
        "buckets": [
          "miniio-assignment8-amine-habbou-staging-raw-data",
          "miniio-assignment8-amine-habbou-staging-processed-data",
          "miniio-assignment8-amine-habbou-staging-analytics"
        ],
        "console_credentials": {
          "password": "miniioass8",
          "username": "miniioass8"
        },
        "console_url": "http://localhost:9001"
      },
      "type": [
        "object",
        {
          "api_endpoint": "string",
          "buckets": [
            "tuple",
            [
              "string",
              "string",
              "string"
            ]
          ],
          "console_credentials": [
            "object",
            {
              "password": "string",
              "username": "string"
            }
          ],
          "console_url": "string"
        }
      ],
      "sensitive": true
    }
  },
  "resources": [
    {
      "mode": "managed",
      "type": "docker_network",
      "name": "pipeline_network",
      "provider": "provider[\"registry.terraform.io/kreuzwerker/docker\"]",
      "instances": [
        {
          "schema_version": 1,
          "attributes": {
            "attachable": false,
            "check_duplicate": null,
            "driver": "bridge",
            "id": "data-pipeline-network",
            "ingress": false,
            "internal": false,
            "ipam_config": [
              {
                "aux_address": {},
                "gateway": "172.25.0.1",
                "ip_range": "",
                "subnet": "172.25.0.0/16"
              }
            ],
            "ipam_driver": "default",
            "ipam_options": {},
            "ipv6": false,
            "labels": [],
            "name": "data-pipeline-network",
            "options": {
              "com.docker.network.enable_ipv4": "true",
              "com.docker.network.enable_ipv6": "false"
            },
            "scope": "local"
          },
          "sensitive_attributes": [],
          "private": "eyJzY2hlbWFfdmVyc2lvbiI6IjEifQ=="
        }
      ]
    },
    {
      "mode": "managed",
      "type": "null_resource",
      "name": "create_buckets",
      "provider": "provider[\"registry.terraform.io/hashicorp/null\"]",
      "instances": [
        {
          "index_key": "analytics",
          "status": "tainted",
          "schema_version": 0,
          "attributes": {
            "id": "7175597289193608851",
            "triggers": null
          },
          "sensitive_attributes": [],
          "dependencies": [
            "docker_network.pipeline_network",
            "module.storage.docker_container.minio",
            "module.storage.docker_volume.minio_data"
          ]
        },
        {
          "index_key": "processed-data",
          "status": "tainted",
          "schema_version": 0,
          "attributes": {
            "id": "9117611863497273363",
            "triggers": null
          },
          "sensitive_attributes": [],
          "dependencies": [
            "docker_network.pipeline_network",
            "module.storage.docker_container.minio",
            "module.storage.docker_volume.minio_data"
          ]
        },
        {
          "index_key": "raw-data",
          "status": "tainted",
          "schema_version": 0,
          "attributes": {
            "id": "243594124708231801",
            "triggers": null
          },
          "sensitive_attributes": [],
          "dependencies": [
            "docker_network.pipeline_network",
            "module.storage.docker_container.minio",
            "module.storage.docker_volume.minio_data"
          ]
        }
      ]
    },
    {
      "module": "module.database",
      "mode": "managed",
      "type": "docker_container",
      "name": "postgres",
      "provider": "provider[\"registry.terraform.io/kreuzwerker/docker\"]",
      "instances": [
        {
          "schema_version": 2,
          "attributes": {
            "attach": false,
            "bridge": "",
            "capabilities": [],
            "cgroup_parent": null,
            "cgroupns_mode": null,
            "command": [
              "postgres"
            ],
            "container_logs": null,
            "container_read_refresh_timeout_milliseconds": 15000,
            "cpu_period": null,
            "cpu_quota": null,
            "cpu_set": "",
            "cpu_shares": 0,
            "cpus": null,
            "destroy_grace_seconds": null,
            "devices": [],
            "dns": null,
            "dns_opts": null,
            "dns_search": null,
            "domainname": "",
            "entrypoint": [
              "docker-entrypoint.sh"
            ],
            "env": [
              "POSTGRES_DB=pipeline_metadata",
              "POSTGRES_PASSWORD=miniioass8",
              "POSTGRES_USER=amine"
            ],
            "exit_code": null,
            "gpus": null,
            "group_add": null,
            "healthcheck": [
              {
                "interval": "30s",
                "retries": 3,
                "start_interval": "0s",
                "start_period": "0s",
                "test": [
                  "CMD-SHELL",
                  "pg_isready -U amine -d pipeline_metadata"
                ],
                "timeout": "10s"
              }
            ],
            "host": [],
            "hostname": "aadbb5bdf26f",
            "id": "aadbb5bdf26f1344e59f25d89b087ab1b512d10fae512ae8a186892d02efbf16",
            "image": "postgres:15-alpine",
            "init": false,
            "ipc_mode": "private",
            "labels": [],
            "log_driver": "json-file",
            "log_opts": null,
            "logs": false,
            "max_retry_count": 0,
            "memory": 0,
            "memory_reservation": 0,
            "memory_swap": 0,
            "mounts": [],
            "must_run": true,
            "name": "miniio-assignment8-amine-habbou-staging-postgres",
            "network_data": [
              {
                "gateway": "172.25.0.1",
                "global_ipv6_address": "",
                "global_ipv6_prefix_length": 0,
                "ip_address": "172.25.0.3",
                "ip_prefix_length": 16,
                "ipv6_gateway": "",
                "mac_address": "a6:0c:45:d8:43:74",
                "network_name": "data-pipeline-network"
              }
            ],
            "network_mode": "bridge",
            "networks_advanced": [
              {
                "aliases": [],
                "ipv4_address": "",
                "ipv6_address": "",
                "mac_address": "",
                "name": "data-pipeline-network"
              }
            ],
            "pid_mode": "",
            "ports": [
              {
                "external": 5432,
                "internal": 5432,
                "ip": "0.0.0.0",
                "protocol": "tcp"
              }
            ],
            "privileged": false,
            "publish_all_ports": false,
            "read_only": false,
            "remove_volumes": true,
            "restart": "unless-stopped",
            "rm": false,
            "runtime": "runc",
            "security_opts": [],
            "shm_size": 64,
            "start": true,
            "stdin_open": false,
            "stop_signal": "SIGINT",
            "stop_timeout": 1,
            "storage_opts": null,
            "sysctls": null,
            "tmpfs": null,
            "tty": false,
            "ulimit": [],
            "upload": [],
            "user": "",
            "userns_mode": "",
            "volumes": [
              {
                "container_path": "/var/lib/postgresql/data",
                "from_container": "",
                "host_path": "",
                "read_only": null,
                "volume_name": "miniio-assignment8-amine-habbou-staging-postgres-data"
              }
            ],
            "wait": false,
            "wait_timeout": 60,
            "working_dir": "/"
          },
          "sensitive_attributes": [
            [
              {
                "type": "get_attr",
                "value": "healthcheck"
              },
              {
                "type": "index",
                "value": {
                  "value": 0,
                  "type": "number"
                }
              },
              {
                "type": "get_attr",
                "value": "test"
              },
              {
                "type": "index",
                "value": {
                  "value": 1,
                  "type": "number"
                }
              }
            ],
            [
              {
                "type": "get_attr",
                "value": "env"
              }
            ]
          ],
          "private": "eyJzY2hlbWFfdmVyc2lvbiI6IjIifQ==",
          "dependencies": [
            "docker_network.pipeline_network",
            "module.database.docker_volume.postgres_data"
          ]
        }
      ]
    },
    {
      "module": "module.database",
      "mode": "managed",
      "type": "docker_volume",
      "name": "postgres_data",
      "provider": "provider[\"registry.terraform.io/kreuzwerker/docker\"]",
      "instances": [
        {
          "schema_version": 1,
          "attributes": {
            "cluster": [],
            "driver": "local",
            "driver_opts": null,
            "id": "miniio-assignment8-amine-habbou-staging-postgres-data",
            "labels": [],
            "mountpoint": "/var/lib/docker/volumes/miniio-assignment8-amine-habbou-staging-postgres-data/_data",
            "name": "miniio-assignment8-amine-habbou-staging-postgres-data"
          },
          "sensitive_attributes": [],
          "private": "eyJzY2hlbWFfdmVyc2lvbiI6IjEifQ==",
          "dependencies": [
            "docker_network.pipeline_network"
          ]
        }
      ]
    },
    {
      "module": "module.storage",
      "mode": "managed",
      "type": "docker_container",
      "name": "minio",
      "provider": "provider[\"registry.terraform.io/kreuzwerker/docker\"]",
      "instances": [
        {
          "schema_version": 2,
          "attributes": {
            "attach": false,
            "bridge": "",
            "capabilities": [],
            "cgroup_parent": null,
            "cgroupns_mode": null,
            "command": [
              "server",
              "/data",
              "--console-address",
              ":9001"
            ],
            "container_logs": null,
            "container_read_refresh_timeout_milliseconds": 15000,
            "cpu_period": null,
            "cpu_quota": null,
            "cpu_set": "",
            "cpu_shares": 0,
            "cpus": null,
            "destroy_grace_seconds": null,
            "devices": [],
            "dns": null,
            "dns_opts": null,
            "dns_search": null,
            "domainname": "",
            "entrypoint": [
              "/usr/bin/docker-entrypoint.sh"
            ],
            "env": [
              "MINIO_ROOT_PASSWORD=miniioass8",
              "MINIO_ROOT_USER=miniioass8"
            ],
            "exit_code": null,
            "gpus": null,
            "group_add": null,
            "healthcheck": [
              {
                "interval": "30s",
                "retries": 3,
                "start_interval": "0s",
                "start_period": "0s",
                "test": [
                  "CMD",
                  "curl",
                  "-f",
                  "http://localhost:9000/minio/health/live"
                ],
                "timeout": "10s"
              }
            ],
            "host": [],
            "hostname": "0d221d757c66",
            "id": "0d221d757c6616e2fb8112013c815b6b3c7cace6b5bc35a20db49fa028cb6027",
            "image": "minio/minio:latest",
            "init": false,
            "ipc_mode": "private",
            "labels": [],
            "log_driver": "json-file",
            "log_opts": null,
            "logs": false,
            "max_retry_count": 0,
            "memory": 0,
            "memory_reservation": 0,
            "memory_swap": 0,
            "mounts": [],
            "must_run": true,
            "name": "miniio-assignment8-amine-habbou-staging-minio",
            "network_data": [
              {
                "gateway": "172.25.0.1",
                "global_ipv6_address": "",
                "global_ipv6_prefix_length": 0,
                "ip_address": "172.25.0.2",
                "ip_prefix_length": 16,
                "ipv6_gateway": "",
                "mac_address": "96:86:af:b8:a9:f3",
                "network_name": "data-pipeline-network"
              }
            ],
            "network_mode": "bridge",
            "networks_advanced": [
              {
                "aliases": [],
                "ipv4_address": "",
                "ipv6_address": "",
                "mac_address": "",
                "name": "data-pipeline-network"
              }
            ],
            "pid_mode": "",
            "ports": [
              {
                "external": 9000,
                "internal": 9000,
                "ip": "0.0.0.0",
                "protocol": "tcp"
              },
              {
                "external": 9001,
                "internal": 9001,
                "ip": "0.0.0.0",
                "protocol": "tcp"
              }
            ],
            "privileged": false,
            "publish_all_ports": false,
            "read_only": false,
            "remove_volumes": true,
            "restart": "unless-stopped",
            "rm": false,
            "runtime": "runc",
            "security_opts": [],
            "shm_size": 64,
            "start": true,
            "stdin_open": false,
            "stop_signal": "",
            "stop_timeout": 1,
            "storage_opts": null,
            "sysctls": null,
            "tmpfs": null,
            "tty": false,
            "ulimit": [],
            "upload": [],
            "user": "",
            "userns_mode": "",
            "volumes": [
              {
                "container_path": "/data",
                "from_container": "",
                "host_path": "",
                "read_only": null,
                "volume_name": "miniio-assignment8-amine-habbou-staging-minio-data"
              }
            ],
            "wait": false,
            "wait_timeout": 60,
            "working_dir": "/"
          },
          "sensitive_attributes": [
            [
              {
                "type": "get_attr",
                "value": "env"
              }
            ]
          ],
          "private": "eyJzY2hlbWFfdmVyc2lvbiI6IjIifQ==",
          "dependencies": [
            "docker_network.pipeline_network",
            "module.storage.docker_volume.minio_data"
          ]
        }
      ]
    },
    {
      "module": "module.storage",
      "mode": "managed",
      "type": "docker_volume",
      "name": "minio_data",
      "provider": "provider[\"registry.terraform.io/kreuzwerker/docker\"]",
      "instances": [
        {
          "schema_version": 1,
          "attributes": {
            "cluster": [],
            "driver": "local",
            "driver_opts": null,
            "id": "miniio-assignment8-amine-habbou-staging-minio-data",
            "labels": [],
            "mountpoint": "/var/lib/docker/volumes/miniio-assignment8-amine-habbou-staging-minio-data/_data",
            "name": "miniio-assignment8-amine-habbou-staging-minio-data"
          },
          "sensitive_attributes": [],
          "private": "eyJzY2hlbWFfdmVyc2lvbiI6IjEifQ==",
          "dependencies": [
            "docker_network.pipeline_network"
          ]
        }
      ]
    }
  ],
  "check_results": null
}
